{
  "name": "Nova pasta",
  "lockfileVersion": 2,
  "requires": true,
  "packages": {
    "": {
      "dependencies": {
        "@croct/plug": "^0.9.0"
      }
    },
    "node_modules/@croct/plug": {
      "version": "0.9.0",
      "resolved": "https://registry.npmjs.org/@croct/plug/-/plug-0.9.0.tgz",
      "integrity": "sha512-ncVQveFeJdVMK36btn2rw0l8ENLf/dHS25GxOtnVWxtzBAQWZiOlJfW12MX0uccEKP3Gwcunj86jFJX1h4SqSA==",
      "dependencies": {
        "@croct/sdk": "^0.7.0",
        "tslib": "^2.2.0"
      }
    },
    "node_modules/@croct/sdk": {
      "version": "0.7.0",
      "resolved": "https://registry.npmjs.org/@croct/sdk/-/sdk-0.7.0.tgz",
      "integrity": "sha512-WC+ng2aEm8D4Yu/9CgslYE3FPD+lkW7EGILHhmyr7iYrNADKVShWpyDTPOCakBVuiPEkYIkND67G9BrDPG6f3Q==",
      "dependencies": {
        "tslib": "^2.2.0"
      },
      "engines": {
        "node": ">=10"
      }
    },
    "node_modules/tslib": {
      "version": "2.3.1",
      "resolved": "https://registry.npmjs.org/tslib/-/tslib-2.3.1.tgz",
      "integrity": "sha512-77EbyPPpMz+FRFRuAFlWMtmgUWGe9UOG2Z25NqCwiIjRhOf5iKGuzSe5P2w1laq+FkRy4p+PCuVkJSGkzTEKVw=="
    }
  },
  "dependencies": {
    "@croct/plug": {
      "version": "0.9.0",
      "resolved": "https://registry.npmjs.org/@croct/plug/-/plug-0.9.0.tgz",
      "integrity": "sha512-ncVQveFeJdVMK36btn2rw0l8ENLf/dHS25GxOtnVWxtzBAQWZiOlJfW12MX0uccEKP3Gwcunj86jFJX1h4SqSA==",
      "requires": {
        "@croct/sdk": "^0.7.0",
        "tslib": "^2.2.0"
      }
    },
    "@croct/sdk": {
      "version": "0.7.0",
      "resolved": "https://registry.npmjs.org/@croct/sdk/-/sdk-0.7.0.tgz",
      "integrity": "sha512-WC+ng2aEm8D4Yu/9CgslYE3FPD+lkW7EGILHhmyr7iYrNADKVShWpyDTPOCakBVuiPEkYIkND67G9BrDPG6f3Q==",
      "requires": {
        "tslib": "^2.2.0"
      }
    },
    "tslib": {
      "version": "2.3.1",
      "resolved": "https://registry.npmjs.org/tslib/-/tslib-2.3.1.tgz",
      "integrity": "sha512-77EbyPPpMz+FRFRuAFlWMtmgUWGe9UOG2Z25NqCwiIjRhOf5iKGuzSe5P2w1laq+FkRy4p+PCuVkJSGkzTEKVw=="
    }
  }
}
